
Microsoft Visual Studio Solution File, Format Version 12.00
# Visual Studio Version 16
VisualStudioVersion = 16.0.29411.108
MinimumVisualStudioVersion = 10.0.40219.1
Project("{9A19103F-16F7-4668-BE54-9A1E7A4F7556}") = "PlaygroundDotNet", "PlaygroundDotNet\PlaygroundDotNet.csproj", "{8C305D96-103E-4E9B-9251-8127BC0C2D48}"
EndProject
Project("{FAE04EC0-301F-11D3-BF4B-00C04F79EFBC}") = "Common", "Common\Common.csproj", "{EBBDC28D-EBD1-4522-9692-25AD05317DAF}"
EndProject
Global
	GlobalSection(SolutionConfigurationPlatforms) = preSolution
		Debug|Any CPU = Debug|Any CPU
		Release|Any CPU = Release|Any CPU
	EndGlobalSection
	GlobalSection(ProjectConfigurationPlatforms) = postSolution
		{8C305D96-103E-4E9B-9251-8127BC0C2D48}.Debug|Any CPU.ActiveCfg = Debug|Any CPU
		{8C305D96-103E-4E9B-9251-8127BC0C2D48}.Debug|Any CPU.Build.0 = Debug|Any CPU
		{8C305D96-103E-4E9B-9251-8127BC0C2D48}.Release|Any CPU.ActiveCfg = Release|Any CPU
		{8C305D96-103E-4E9B-9251-8127BC0C2D48}.Release|Any CPU.Build.0 = Release|Any CPU
		{EBBDC28D-EBD1-4522-9692-25AD05317DAF}.Debug|Any CPU.ActiveCfg = Debug|Any CPU
		{EBBDC28D-EBD1-4522-9692-25AD05317DAF}.Debug|Any CPU.Build.0 = Debug|Any CPU
		{EBBDC28D-EBD1-4522-9692-25AD05317DAF}.Release|Any CPU.ActiveCfg = Release|Any CPU
		{EBBDC28D-EBD1-4522-9692-25AD05317DAF}.Release|Any CPU.Build.0 = Release|Any CPU
	EndGlobalSection
	GlobalSection(SolutionProperties) = preSolution
		HideSolutionNode = FALSE
	EndGlobalSection
	GlobalSection(ExtensibilityGlobals) = postSolution
		SolutionGuid = {58B1E871-8E15-4274-9DB9-793C831E687F}
	EndGlobalSection
EndGlobal
